
Microsoft Visual Studio Solution File, Format Version 12.00
# Visual Studio 15
VisualStudioVersion = 15.0.27428.2027
MinimumVisualStudioVersion = 10.0.40219.1
Project("{FAE04EC0-301F-11D3-BF4B-00C04F79EFBC}") = "KnockKnock", "KnockKnock\KnockKnock.csproj", "{DE8C9E9B-AA43-4278-956F-926A13C814C2}"
EndProject
Project("{FAE04EC0-301F-11D3-BF4B-00C04F79EFBC}") = "KnockKnockTest", "KnockKnockTest\KnockKnockTest.csproj", "{7FCAA893-C11D-403B-BAD3-6D41D4F56B35}"
EndProject
Global
	GlobalSection(SolutionConfigurationPlatforms) = preSolution
		Debug|Any CPU = Debug|Any CPU
		Release|Any CPU = Release|Any CPU
	EndGlobalSection
	GlobalSection(ProjectConfigurationPlatforms) = postSolution
		{DE8C9E9B-AA43-4278-956F-926A13C814C2}.Debug|Any CPU.ActiveCfg = Debug|Any CPU
		{DE8C9E9B-AA43-4278-956F-926A13C814C2}.Debug|Any CPU.Build.0 = Debug|Any CPU
		{DE8C9E9B-AA43-4278-956F-926A13C814C2}.Release|Any CPU.ActiveCfg = Release|Any CPU
		{DE8C9E9B-AA43-4278-956F-926A13C814C2}.Release|Any CPU.Build.0 = Release|Any CPU
		{7FCAA893-C11D-403B-BAD3-6D41D4F56B35}.Debug|Any CPU.ActiveCfg = Debug|Any CPU
		{7FCAA893-C11D-403B-BAD3-6D41D4F56B35}.Debug|Any CPU.Build.0 = Debug|Any CPU
		{7FCAA893-C11D-403B-BAD3-6D41D4F56B35}.Release|Any CPU.ActiveCfg = Release|Any CPU
		{7FCAA893-C11D-403B-BAD3-6D41D4F56B35}.Release|Any CPU.Build.0 = Release|Any CPU
	EndGlobalSection
	GlobalSection(SolutionProperties) = preSolution
		HideSolutionNode = FALSE
	EndGlobalSection
	GlobalSection(ExtensibilityGlobals) = postSolution
		SolutionGuid = {D88ADF6B-8820-496F-8DBC-17A4F5B0427E}
	EndGlobalSection
EndGlobal
